
Microsoft Visual Studio Solution File, Format Version 12.00
# Visual Studio 15
VisualStudioVersion = 15.0.27130.2027
MinimumVisualStudioVersion = 10.0.40219.1
Project("{8BC9CEB8-8B4A-11D0-8D11-00A0C91BC942}") = "LongTextSorter", "LongTextSorter\LongTextSorter\LongTextSorter.vcxproj", "{5CA3E5E3-CBDF-41A1-A702-0DB59526BBDE}"
EndProject
Project("{8BC9CEB8-8B4A-11D0-8D11-00A0C91BC942}") = "C++11Tests", "C++11Tests\C++11Tests\C++11Tests.vcxproj", "{9A75E0B7-B782-4226-8B24-2DA80546C2D2}"
EndProject
Project("{8BC9CEB8-8B4A-11D0-8D11-00A0C91BC942}") = "Structures", "Structures\Structures\Structures.vcxproj", "{1DE90C75-ADA8-4DB4-B3DD-311C222190F2}"
EndProject
Project("{8BC9CEB8-8B4A-11D0-8D11-00A0C91BC942}") = "ConcurrencyInAction", "ConcurrencyInAction\ConcurrencyInAction\ConcurrencyInAction.vcxproj", "{EF81166E-5E5A-431F-9075-E45CF29A340A}"
EndProject
Project("{8BC9CEB8-8B4A-11D0-8D11-00A0C91BC942}") = "C++STL", "C++STL\C++STL\C++STL.vcxproj", "{49F5380D-B0ED-4149-B229-027D2A25662D}"
EndProject
Project("{8BC9CEB8-8B4A-11D0-8D11-00A0C91BC942}") = "BookModernDesign", "BookModernDesign\BookModernDesign\BookModernDesign.vcxproj", "{57AD956B-EEA5-4502-B9EE-296F5CBCBD72}"
EndProject
Project("{8BC9CEB8-8B4A-11D0-8D11-00A0C91BC942}") = "MoreIdioms", "MoreIdioms\MoreIdioms\MoreIdioms.vcxproj", "{DE14BF2B-16C0-407A-A955-88C6BBF0268A}"
EndProject
Project("{8BC9CEB8-8B4A-11D0-8D11-00A0C91BC942}") = "Master2010", "Master2010\Master2010\Master2010.vcxproj", "{387BFF69-6BB9-4795-9149-4BCE96C650E0}"
EndProject
Project("{8BC9CEB8-8B4A-11D0-8D11-00A0C91BC942}") = "DesignPatterns", "DesignPatterns\DesignPatterns.vcxproj", "{89F7AB99-B62D-47B7-9728-2060C14DE902}"
EndProject
Project("{8BC9CEB8-8B4A-11D0-8D11-00A0C91BC942}") = "PerformanceTests", "PerformanceTests\PerformanceTests\PerformanceTests.vcxproj", "{A9FEB817-F07E-40D9-B324-16AF118FFCAB}"
EndProject
Project("{8BC9CEB8-8B4A-11D0-8D11-00A0C91BC942}") = "Utils", "Utils\Utils.vcxproj", "{CF0E3095-E6AA-4C87-8342-3273A978FDE5}"
EndProject
Project("{8BC9CEB8-8B4A-11D0-8D11-00A0C91BC942}") = "C++17", "C++17\C++17.vcxproj", "{986B29C7-3FC9-4A85-BC69-CA8837A0D2FF}"
EndProject
Project("{FAE04EC0-301F-11D3-BF4B-00C04F79EFBC}") = "ConsoleApp1", "ConsoleApp1\ConsoleApp1.csproj", "{42E076FB-E7AE-4EE6-9DE6-DC947DA1F756}"
EndProject
Global
	GlobalSection(SolutionConfigurationPlatforms) = preSolution
		Debug|Any CPU = Debug|Any CPU
		Debug|x64 = Debug|x64
		Debug|x86 = Debug|x86
		Release|Any CPU = Release|Any CPU
		Release|x64 = Release|x64
		Release|x86 = Release|x86
	EndGlobalSection
	GlobalSection(ProjectConfigurationPlatforms) = postSolution
		{5CA3E5E3-CBDF-41A1-A702-0DB59526BBDE}.Debug|Any CPU.ActiveCfg = Debug|Win32
		{5CA3E5E3-CBDF-41A1-A702-0DB59526BBDE}.Debug|x64.ActiveCfg = Debug|x64
		{5CA3E5E3-CBDF-41A1-A702-0DB59526BBDE}.Debug|x64.Build.0 = Debug|x64
		{5CA3E5E3-CBDF-41A1-A702-0DB59526BBDE}.Debug|x86.ActiveCfg = Debug|Win32
		{5CA3E5E3-CBDF-41A1-A702-0DB59526BBDE}.Debug|x86.Build.0 = Debug|Win32
		{5CA3E5E3-CBDF-41A1-A702-0DB59526BBDE}.Release|Any CPU.ActiveCfg = Release|Win32
		{5CA3E5E3-CBDF-41A1-A702-0DB59526BBDE}.Release|x64.ActiveCfg = Release|x64
		{5CA3E5E3-CBDF-41A1-A702-0DB59526BBDE}.Release|x64.Build.0 = Release|x64
		{5CA3E5E3-CBDF-41A1-A702-0DB59526BBDE}.Release|x86.ActiveCfg = Release|Win32
		{5CA3E5E3-CBDF-41A1-A702-0DB59526BBDE}.Release|x86.Build.0 = Release|Win32
		{9A75E0B7-B782-4226-8B24-2DA80546C2D2}.Debug|Any CPU.ActiveCfg = Debug|Win32
		{9A75E0B7-B782-4226-8B24-2DA80546C2D2}.Debug|x64.ActiveCfg = Debug|x64
		{9A75E0B7-B782-4226-8B24-2DA80546C2D2}.Debug|x64.Build.0 = Debug|x64
		{9A75E0B7-B782-4226-8B24-2DA80546C2D2}.Debug|x86.ActiveCfg = Debug|Win32
		{9A75E0B7-B782-4226-8B24-2DA80546C2D2}.Debug|x86.Build.0 = Debug|Win32
		{9A75E0B7-B782-4226-8B24-2DA80546C2D2}.Release|Any CPU.ActiveCfg = Release|Win32
		{9A75E0B7-B782-4226-8B24-2DA80546C2D2}.Release|x64.ActiveCfg = Release|x64
		{9A75E0B7-B782-4226-8B24-2DA80546C2D2}.Release|x64.Build.0 = Release|x64
		{9A75E0B7-B782-4226-8B24-2DA80546C2D2}.Release|x86.ActiveCfg = Release|Win32
		{9A75E0B7-B782-4226-8B24-2DA80546C2D2}.Release|x86.Build.0 = Release|Win32
		{1DE90C75-ADA8-4DB4-B3DD-311C222190F2}.Debug|Any CPU.ActiveCfg = Debug|Win32
		{1DE90C75-ADA8-4DB4-B3DD-311C222190F2}.Debug|x64.ActiveCfg = Debug|x64
		{1DE90C75-ADA8-4DB4-B3DD-311C222190F2}.Debug|x64.Build.0 = Debug|x64
		{1DE90C75-ADA8-4DB4-B3DD-311C222190F2}.Debug|x86.ActiveCfg = Debug|Win32
		{1DE90C75-ADA8-4DB4-B3DD-311C222190F2}.Debug|x86.Build.0 = Debug|Win32
		{1DE90C75-ADA8-4DB4-B3DD-311C222190F2}.Release|Any CPU.ActiveCfg = Release|Win32
		{1DE90C75-ADA8-4DB4-B3DD-311C222190F2}.Release|x64.ActiveCfg = Release|x64
		{1DE90C75-ADA8-4DB4-B3DD-311C222190F2}.Release|x64.Build.0 = Release|x64
		{1DE90C75-ADA8-4DB4-B3DD-311C222190F2}.Release|x86.ActiveCfg = Release|Win32
		{1DE90C75-ADA8-4DB4-B3DD-311C222190F2}.Release|x86.Build.0 = Release|Win32
		{EF81166E-5E5A-431F-9075-E45CF29A340A}.Debug|Any CPU.ActiveCfg = Debug|Win32
		{EF81166E-5E5A-431F-9075-E45CF29A340A}.Debug|x64.ActiveCfg = Debug|x64
		{EF81166E-5E5A-431F-9075-E45CF29A340A}.Debug|x64.Build.0 = Debug|x64
		{EF81166E-5E5A-431F-9075-E45CF29A340A}.Debug|x86.ActiveCfg = Debug|Win32
		{EF81166E-5E5A-431F-9075-E45CF29A340A}.Debug|x86.Build.0 = Debug|Win32
		{EF81166E-5E5A-431F-9075-E45CF29A340A}.Release|Any CPU.ActiveCfg = Release|Win32
		{EF81166E-5E5A-431F-9075-E45CF29A340A}.Release|x64.ActiveCfg = Release|x64
		{EF81166E-5E5A-431F-9075-E45CF29A340A}.Release|x64.Build.0 = Release|x64
		{EF81166E-5E5A-431F-9075-E45CF29A340A}.Release|x86.ActiveCfg = Release|Win32
		{EF81166E-5E5A-431F-9075-E45CF29A340A}.Release|x86.Build.0 = Release|Win32
		{49F5380D-B0ED-4149-B229-027D2A25662D}.Debug|Any CPU.ActiveCfg = Debug|Win32
		{49F5380D-B0ED-4149-B229-027D2A25662D}.Debug|x64.ActiveCfg = Debug|x64
		{49F5380D-B0ED-4149-B229-027D2A25662D}.Debug|x64.Build.0 = Debug|x64
		{49F5380D-B0ED-4149-B229-027D2A25662D}.Debug|x86.ActiveCfg = Debug|Win32
		{49F5380D-B0ED-4149-B229-027D2A25662D}.Debug|x86.Build.0 = Debug|Win32
		{49F5380D-B0ED-4149-B229-027D2A25662D}.Release|Any CPU.ActiveCfg = Release|Win32
		{49F5380D-B0ED-4149-B229-027D2A25662D}.Release|x64.ActiveCfg = Release|x64
		{49F5380D-B0ED-4149-B229-027D2A25662D}.Release|x64.Build.0 = Release|x64
		{49F5380D-B0ED-4149-B229-027D2A25662D}.Release|x86.ActiveCfg = Release|Win32
		{49F5380D-B0ED-4149-B229-027D2A25662D}.Release|x86.Build.0 = Release|Win32
		{57AD956B-EEA5-4502-B9EE-296F5CBCBD72}.Debug|Any CPU.ActiveCfg = Debug|Win32
		{57AD956B-EEA5-4502-B9EE-296F5CBCBD72}.Debug|x64.ActiveCfg = Debug|x64
		{57AD956B-EEA5-4502-B9EE-296F5CBCBD72}.Debug|x64.Build.0 = Debug|x64
		{57AD956B-EEA5-4502-B9EE-296F5CBCBD72}.Debug|x86.ActiveCfg = Debug|Win32
		{57AD956B-EEA5-4502-B9EE-296F5CBCBD72}.Debug|x86.Build.0 = Debug|Win32
		{57AD956B-EEA5-4502-B9EE-296F5CBCBD72}.Release|Any CPU.ActiveCfg = Release|Win32
		{57AD956B-EEA5-4502-B9EE-296F5CBCBD72}.Release|x64.ActiveCfg = Release|x64
		{57AD956B-EEA5-4502-B9EE-296F5CBCBD72}.Release|x64.Build.0 = Release|x64
		{57AD956B-EEA5-4502-B9EE-296F5CBCBD72}.Release|x86.ActiveCfg = Release|Win32
		{57AD956B-EEA5-4502-B9EE-296F5CBCBD72}.Release|x86.Build.0 = Release|Win32
		{DE14BF2B-16C0-407A-A955-88C6BBF0268A}.Debug|Any CPU.ActiveCfg = Debug|Win32
		{DE14BF2B-16C0-407A-A955-88C6BBF0268A}.Debug|x64.ActiveCfg = Debug|x64
		{DE14BF2B-16C0-407A-A955-88C6BBF0268A}.Debug|x64.Build.0 = Debug|x64
		{DE14BF2B-16C0-407A-A955-88C6BBF0268A}.Debug|x86.ActiveCfg = Debug|Win32
		{DE14BF2B-16C0-407A-A955-88C6BBF0268A}.Debug|x86.Build.0 = Debug|Win32
		{DE14BF2B-16C0-407A-A955-88C6BBF0268A}.Release|Any CPU.ActiveCfg = Release|Win32
		{DE14BF2B-16C0-407A-A955-88C6BBF0268A}.Release|x64.ActiveCfg = Release|x64
		{DE14BF2B-16C0-407A-A955-88C6BBF0268A}.Release|x64.Build.0 = Release|x64
		{DE14BF2B-16C0-407A-A955-88C6BBF0268A}.Release|x86.ActiveCfg = Release|Win32
		{DE14BF2B-16C0-407A-A955-88C6BBF0268A}.Release|x86.Build.0 = Release|Win32
		{387BFF69-6BB9-4795-9149-4BCE96C650E0}.Debug|Any CPU.ActiveCfg = Debug|Win32
		{387BFF69-6BB9-4795-9149-4BCE96C650E0}.Debug|x64.ActiveCfg = Debug|x64
		{387BFF69-6BB9-4795-9149-4BCE96C650E0}.Debug|x64.Build.0 = Debug|x64
		{387BFF69-6BB9-4795-9149-4BCE96C650E0}.Debug|x86.ActiveCfg = Debug|Win32
		{387BFF69-6BB9-4795-9149-4BCE96C650E0}.Debug|x86.Build.0 = Debug|Win32
		{387BFF69-6BB9-4795-9149-4BCE96C650E0}.Release|Any CPU.ActiveCfg = Release|Win32
		{387BFF69-6BB9-4795-9149-4BCE96C650E0}.Release|x64.ActiveCfg = Release|x64
		{387BFF69-6BB9-4795-9149-4BCE96C650E0}.Release|x64.Build.0 = Release|x64
		{387BFF69-6BB9-4795-9149-4BCE96C650E0}.Release|x86.ActiveCfg = Release|Win32
		{387BFF69-6BB9-4795-9149-4BCE96C650E0}.Release|x86.Build.0 = Release|Win32
		{89F7AB99-B62D-47B7-9728-2060C14DE902}.Debug|Any CPU.ActiveCfg = Debug|Win32
		{89F7AB99-B62D-47B7-9728-2060C14DE902}.Debug|x64.ActiveCfg = Debug|x64
		{89F7AB99-B62D-47B7-9728-2060C14DE902}.Debug|x64.Build.0 = Debug|x64
		{89F7AB99-B62D-47B7-9728-2060C14DE902}.Debug|x86.ActiveCfg = Debug|Win32
		{89F7AB99-B62D-47B7-9728-2060C14DE902}.Debug|x86.Build.0 = Debug|Win32
		{89F7AB99-B62D-47B7-9728-2060C14DE902}.Release|Any CPU.ActiveCfg = Release|Win32
		{89F7AB99-B62D-47B7-9728-2060C14DE902}.Release|x64.ActiveCfg = Release|x64
		{89F7AB99-B62D-47B7-9728-2060C14DE902}.Release|x64.Build.0 = Release|x64
		{89F7AB99-B62D-47B7-9728-2060C14DE902}.Release|x86.ActiveCfg = Release|Win32
		{89F7AB99-B62D-47B7-9728-2060C14DE902}.Release|x86.Build.0 = Release|Win32
		{A9FEB817-F07E-40D9-B324-16AF118FFCAB}.Debug|Any CPU.ActiveCfg = Debug|Win32
		{A9FEB817-F07E-40D9-B324-16AF118FFCAB}.Debug|x64.ActiveCfg = Debug|x64
		{A9FEB817-F07E-40D9-B324-16AF118FFCAB}.Debug|x64.Build.0 = Debug|x64
		{A9FEB817-F07E-40D9-B324-16AF118FFCAB}.Debug|x86.ActiveCfg = Debug|Win32
		{A9FEB817-F07E-40D9-B324-16AF118FFCAB}.Debug|x86.Build.0 = Debug|Win32
		{A9FEB817-F07E-40D9-B324-16AF118FFCAB}.Release|Any CPU.ActiveCfg = Release|Win32
		{A9FEB817-F07E-40D9-B324-16AF118FFCAB}.Release|x64.ActiveCfg = Release|x64
		{A9FEB817-F07E-40D9-B324-16AF118FFCAB}.Release|x64.Build.0 = Release|x64
		{A9FEB817-F07E-40D9-B324-16AF118FFCAB}.Release|x86.ActiveCfg = Release|Win32
		{A9FEB817-F07E-40D9-B324-16AF118FFCAB}.Release|x86.Build.0 = Release|Win32
		{CF0E3095-E6AA-4C87-8342-3273A978FDE5}.Debug|Any CPU.ActiveCfg = Debug|Win32
		{CF0E3095-E6AA-4C87-8342-3273A978FDE5}.Debug|x64.ActiveCfg = Debug|x64
		{CF0E3095-E6AA-4C87-8342-3273A978FDE5}.Debug|x64.Build.0 = Debug|x64
		{CF0E3095-E6AA-4C87-8342-3273A978FDE5}.Debug|x86.ActiveCfg = Debug|Win32
		{CF0E3095-E6AA-4C87-8342-3273A978FDE5}.Debug|x86.Build.0 = Debug|Win32
		{CF0E3095-E6AA-4C87-8342-3273A978FDE5}.Release|Any CPU.ActiveCfg = Release|Win32
		{CF0E3095-E6AA-4C87-8342-3273A978FDE5}.Release|x64.ActiveCfg = Release|x64
		{CF0E3095-E6AA-4C87-8342-3273A978FDE5}.Release|x64.Build.0 = Release|x64
		{CF0E3095-E6AA-4C87-8342-3273A978FDE5}.Release|x86.ActiveCfg = Release|Win32
		{CF0E3095-E6AA-4C87-8342-3273A978FDE5}.Release|x86.Build.0 = Release|Win32
		{986B29C7-3FC9-4A85-BC69-CA8837A0D2FF}.Debug|Any CPU.ActiveCfg = Debug|Win32
		{986B29C7-3FC9-4A85-BC69-CA8837A0D2FF}.Debug|x64.ActiveCfg = Debug|x64
		{986B29C7-3FC9-4A85-BC69-CA8837A0D2FF}.Debug|x64.Build.0 = Debug|x64
		{986B29C7-3FC9-4A85-BC69-CA8837A0D2FF}.Debug|x86.ActiveCfg = Debug|Win32
		{986B29C7-3FC9-4A85-BC69-CA8837A0D2FF}.Debug|x86.Build.0 = Debug|Win32
		{986B29C7-3FC9-4A85-BC69-CA8837A0D2FF}.Release|Any CPU.ActiveCfg = Release|Win32
		{986B29C7-3FC9-4A85-BC69-CA8837A0D2FF}.Release|x64.ActiveCfg = Release|x64
		{986B29C7-3FC9-4A85-BC69-CA8837A0D2FF}.Release|x64.Build.0 = Release|x64
		{986B29C7-3FC9-4A85-BC69-CA8837A0D2FF}.Release|x86.ActiveCfg = Release|Win32
		{986B29C7-3FC9-4A85-BC69-CA8837A0D2FF}.Release|x86.Build.0 = Release|Win32
		{42E076FB-E7AE-4EE6-9DE6-DC947DA1F756}.Debug|Any CPU.ActiveCfg = Debug|Any CPU
		{42E076FB-E7AE-4EE6-9DE6-DC947DA1F756}.Debug|Any CPU.Build.0 = Debug|Any CPU
		{42E076FB-E7AE-4EE6-9DE6-DC947DA1F756}.Debug|x64.ActiveCfg = Debug|Any CPU
		{42E076FB-E7AE-4EE6-9DE6-DC947DA1F756}.Debug|x64.Build.0 = Debug|Any CPU
		{42E076FB-E7AE-4EE6-9DE6-DC947DA1F756}.Debug|x86.ActiveCfg = Debug|Any CPU
		{42E076FB-E7AE-4EE6-9DE6-DC947DA1F756}.Debug|x86.Build.0 = Debug|Any CPU
		{42E076FB-E7AE-4EE6-9DE6-DC947DA1F756}.Release|Any CPU.ActiveCfg = Release|Any CPU
		{42E076FB-E7AE-4EE6-9DE6-DC947DA1F756}.Release|Any CPU.Build.0 = Release|Any CPU
		{42E076FB-E7AE-4EE6-9DE6-DC947DA1F756}.Release|x64.ActiveCfg = Release|Any CPU
		{42E076FB-E7AE-4EE6-9DE6-DC947DA1F756}.Release|x64.Build.0 = Release|Any CPU
		{42E076FB-E7AE-4EE6-9DE6-DC947DA1F756}.Release|x86.ActiveCfg = Release|Any CPU
		{42E076FB-E7AE-4EE6-9DE6-DC947DA1F756}.Release|x86.Build.0 = Release|Any CPU
	EndGlobalSection
	GlobalSection(SolutionProperties) = preSolution
		HideSolutionNode = FALSE
	EndGlobalSection
	GlobalSection(ExtensibilityGlobals) = postSolution
		SolutionGuid = {6A335D9E-1F3A-4549-8D30-534B50FB268A}
	EndGlobalSection
EndGlobal
