<?xml version="1.0" encoding="utf-8"?>
<Project ToolsVersion="4.0" xmlns="http://schemas.microsoft.com/developer/msbuild/2003">
  <ItemGroup>
    <Filter Include="Source Files">
      <UniqueIdentifier>{4FC737F1-C7A5-4376-A066-2A32D752A2FF}</UniqueIdentifier>
      <Extensions>cpp;c;cc;cxx;def;odl;idl;hpj;bat;asm;asmx</Extensions>
    </Filter>
    <Filter Include="Header Files">
      <UniqueIdentifier>{93995380-89BD-4b04-88EB-625FBE52EBFB}</UniqueIdentifier>
      <Extensions>h;hh;hpp;hxx;hm;inl;inc;xsd</Extensions>
    </Filter>
    <Filter Include="Resource Files">
      <UniqueIdentifier>{67DA6AB6-F800-4c08-8B7A-83BB121AAD01}</UniqueIdentifier>
      <Extensions>rc;ico;cur;bmp;dlg;rc2;rct;bin;rgs;gif;jpg;jpeg;jpe;resx;tiff;tif;png;wav;mfcribbon-ms</Extensions>
    </Filter>
  </ItemGroup>
  <ItemGroup>
    <Text Include="ReadMe.txt" />
  </ItemGroup>
  <ItemGroup>
    <ClInclude Include="stdafx.h">
      <Filter>Header Files</Filter>
    </ClInclude>
    <ClInclude Include="targetver.h">
      <Filter>Header Files</Filter>
    </ClInclude>
    <ClInclude Include="ITest.h">
      <Filter>Header Files</Filter>
    </ClInclude>
    <ClInclude Include="Ch.2 Managing threads\HelloWorld.h">
      <Filter>Header Files</Filter>
    </ClInclude>
    <ClInclude Include="Ch.2 Managing threads\HelloWorldClass.h">
      <Filter>Header Files</Filter>
    </ClInclude>
    <ClInclude Include="Ch.2 Managing threads\JoinAllCases.h">
      <Filter>Header Files</Filter>
    </ClInclude>
    <ClInclude Include="Ch.2 Managing threads\PassingArguments.h">
      <Filter>Header Files</Filter>
    </ClInclude>
    <ClInclude Include="Ch.2 Managing threads\ScopedThread.h">
      <Filter>Header Files</Filter>
    </ClInclude>
    <ClInclude Include="Ch.2 Managing threads\TransferringThreads.h">
      <Filter>Header Files</Filter>
    </ClInclude>
    <ClInclude Include="Ch.8 Designing concurrent code\ThreadSafeStack.h">
      <Filter>Header Files</Filter>
    </ClInclude>
    <ClInclude Include="Ch.3 Sharing data between threads\Deadlock.h">
      <Filter>Header Files</Filter>
    </ClInclude>
    <ClInclude Include="Ch.3 Sharing data between threads\LockHierarchy.h">
      <Filter>Header Files</Filter>
    </ClInclude>
    <ClInclude Include="Ch.3 Sharing data between threads\Mutex_1.h">
      <Filter>Header Files</Filter>
    </ClInclude>
    <ClInclude Include="Ch.3 Sharing data between threads\OnceFlag.h">
      <Filter>Header Files</Filter>
    </ClInclude>
    <ClInclude Include="Ch.3 Sharing data between threads\ProducerConsumer.h">
      <Filter>Header Files</Filter>
    </ClInclude>
    <ClInclude Include="Ch.3 Sharing data between threads\ThreadSafeStack.h">
      <Filter>Header Files</Filter>
    </ClInclude>
    <ClInclude Include="Ch.3 Sharing data between threads\UniqueLock.h">
      <Filter>Header Files</Filter>
    </ClInclude>
    <ClInclude Include="Ch.4 Synchronizing concurrent operations\1_ConditionVariable.h">
      <Filter>Header Files</Filter>
    </ClInclude>
    <ClInclude Include="Ch.4 Synchronizing concurrent operations\2_ThreadsafeQueue.h">
      <Filter>Header Files</Filter>
    </ClInclude>
    <ClInclude Include="Ch.4 Synchronizing concurrent operations\3_Future.h">
      <Filter>Header Files</Filter>
    </ClInclude>
    <ClInclude Include="Ch.4 Synchronizing concurrent operations\4_PackageTask.h">
      <Filter>Header Files</Filter>
    </ClInclude>
    <ClInclude Include="Ch.4 Synchronizing concurrent operations\5_Promise.h">
      <Filter>Header Files</Filter>
    </ClInclude>
    <ClInclude Include="Ch.4 Synchronizing concurrent operations\6_SharedFuture.h">
      <Filter>Header Files</Filter>
    </ClInclude>
    <ClInclude Include="Ch.5 Memory model and atomic types\AtomicTypes.h">
      <Filter>Header Files</Filter>
    </ClInclude>
    <ClInclude Include="Ch.6 Lock-based data structures\ThreadSafeList.h">
      <Filter>Header Files</Filter>
    </ClInclude>
    <ClInclude Include="Ch.6 Lock-based data structures\ThreadSafeLookupTable.h">
      <Filter>Header Files</Filter>
    </ClInclude>
    <ClInclude Include="Ch.6 Lock-based data structures\ThreadSafeQueue.h">
      <Filter>Header Files</Filter>
    </ClInclude>
    <ClInclude Include="Ch.6 Lock-based data structures\ThreadSafeStack.h">
      <Filter>Header Files</Filter>
    </ClInclude>
    <ClInclude Include="Ch.8 Designing concurrent code\DebuggingThreads.h">
      <Filter>Header Files</Filter>
    </ClInclude>
    <ClInclude Include="Ch.8 Designing concurrent code\ParallelFind.h">
      <Filter>Header Files</Filter>
    </ClInclude>
    <ClInclude Include="Ch.8 Designing concurrent code\ParallelForEach.h">
      <Filter>Header Files</Filter>
    </ClInclude>
    <ClInclude Include="Ch.8 Designing concurrent code\ParallelQuickSort.h">
      <Filter>Header Files</Filter>
    </ClInclude>
    <ClInclude Include="Ch.8 Designing concurrent code\ProducerConsumer.h">
      <Filter>Header Files</Filter>
    </ClInclude>
    <ClInclude Include="Ch.8 Designing concurrent code\Semaphore.h">
      <Filter>Header Files</Filter>
    </ClInclude>
    <ClInclude Include="samples\5.ThreadFindAlgorithms\ParallelFind.h">
      <Filter>Header Files</Filter>
    </ClInclude>
    <ClInclude Include="samples\5.ThreadFindAlgorithms\ParallelForEach.h">
      <Filter>Header Files</Filter>
    </ClInclude>
    <ClInclude Include="samples\5.ThreadFindAlgorithms\ParallelQuickSort.h">
      <Filter>Header Files</Filter>
    </ClInclude>
    <ClInclude Include="samples\1.ManagingThreads\4.PassingArguments.h">
      <Filter>Header Files</Filter>
    </ClInclude>
    <ClInclude Include="samples\1.ManagingThreads\5_1.ScopedThread.h">
      <Filter>Header Files</Filter>
    </ClInclude>
    <ClInclude Include="samples\1.ManagingThreads\6.MultipleThreads.h">
      <Filter>Header Files</Filter>
    </ClInclude>
    <ClInclude Include="samples\2.SharingData\1.Mutex.h">
      <Filter>Header Files</Filter>
    </ClInclude>
    <ClInclude Include="samples\2.SharingData\2.ProducerConsumer.h">
      <Filter>Header Files</Filter>
    </ClInclude>
    <ClInclude Include="samples\2.SharingData\3.ThreadSafeStack.h">
      <Filter>Header Files</Filter>
    </ClInclude>
    <ClInclude Include="samples\2.SharingData\4.Deadlock.h">
      <Filter>Header Files</Filter>
    </ClInclude>
    <ClInclude Include="samples\2.SharingData\5.LockHierarchy.h">
      <Filter>Header Files</Filter>
    </ClInclude>
    <ClInclude Include="samples\2.SharingData\6.UniqueLock.h">
      <Filter>Header Files</Filter>
    </ClInclude>
    <ClInclude Include="samples\2.SharingData\7.OnceFlag.h">
      <Filter>Header Files</Filter>
    </ClInclude>
    <ClInclude Include="samples\2.SharingData\8.StaticThreadSafe.h">
      <Filter>Header Files</Filter>
    </ClInclude>
    <ClInclude Include="samples\2.SharingData\9.Semaphore.h">
      <Filter>Header Files</Filter>
    </ClInclude>
    <ClInclude Include="samples\2.SharingData\10.AtomicTypes.h">
      <Filter>Header Files</Filter>
    </ClInclude>
    <ClInclude Include="samples\3.Synchronizing\1.ConditionVariable.h">
      <Filter>Header Files</Filter>
    </ClInclude>
    <ClInclude Include="samples\3.Synchronizing\2.ThreadsafeQueue.h">
      <Filter>Header Files</Filter>
    </ClInclude>
    <ClInclude Include="samples\3.Synchronizing\3.Future.h">
      <Filter>Header Files</Filter>
    </ClInclude>
    <ClInclude Include="samples\3.Synchronizing\4.PackageTask.h">
      <Filter>Header Files</Filter>
    </ClInclude>
    <ClInclude Include="samples\3.Synchronizing\5.Promise.h">
      <Filter>Header Files</Filter>
    </ClInclude>
    <ClInclude Include="samples\3.Synchronizing\6.SharedFuture.h">
      <Filter>Header Files</Filter>
    </ClInclude>
    <ClInclude Include="samples\4.SafeDataStructures\ThreadSafeList.h">
      <Filter>Header Files</Filter>
    </ClInclude>
    <ClInclude Include="samples\4.SafeDataStructures\ThreadSafeLookupTable.h">
      <Filter>Header Files</Filter>
    </ClInclude>
    <ClInclude Include="samples\4.SafeDataStructures\ThreadSafeQueue.h">
      <Filter>Header Files</Filter>
    </ClInclude>
    <ClInclude Include="samples\4.SafeDataStructures\ThreadSafeStack.h">
      <Filter>Header Files</Filter>
    </ClInclude>
    <ClInclude Include="samples\CumulValueThreads.h">
      <Filter>Header Files</Filter>
    </ClInclude>
    <ClInclude Include="samples\1.ManagingThreads\2.HelloWorldClass.h">
      <Filter>Header Files</Filter>
    </ClInclude>
  </ItemGroup>
  <ItemGroup>
    <ClCompile Include="stdafx.cpp">
      <Filter>Source Files</Filter>
    </ClCompile>
    <ClCompile Include="main.cpp">
      <Filter>Source Files</Filter>
    </ClCompile>
  </ItemGroup>
  <ItemGroup>
    <None Include="samples\1.ManagingThreads\3.HandleJoinCases.h" />
    <None Include="samples\1.ManagingThreads\5.TransferingOwnership.h" />
    <None Include="samples\1.ManagingThreads\1.HelloWorld.h" />
  </ItemGroup>
</Project>