<?xml version="1.0" encoding="utf-8"?>
<Project ToolsVersion="4.0" xmlns="http://schemas.microsoft.com/developer/msbuild/2003">
  <ItemGroup>
    <Filter Include="Source Files">
      <UniqueIdentifier>{4FC737F1-C7A5-4376-A066-2A32D752A2FF}</UniqueIdentifier>
      <Extensions>cpp;c;cc;cxx;def;odl;idl;hpj;bat;asm;asmx</Extensions>
    </Filter>
    <Filter Include="Header Files">
      <UniqueIdentifier>{93995380-89BD-4b04-88EB-625FBE52EBFB}</UniqueIdentifier>
      <Extensions>h;hh;hpp;hxx;hm;inl;inc;xsd</Extensions>
    </Filter>
    <Filter Include="Resource Files">
      <UniqueIdentifier>{67DA6AB6-F800-4c08-8B7A-83BB121AAD01}</UniqueIdentifier>
      <Extensions>rc;ico;cur;bmp;dlg;rc2;rct;bin;rgs;gif;jpg;jpeg;jpe;resx;tiff;tif;png;wav;mfcribbon-ms</Extensions>
    </Filter>
  </ItemGroup>
  <ItemGroup>
    <Text Include="ReadMe.txt" />
  </ItemGroup>
  <ItemGroup>
    <ClInclude Include="stdafx.h">
      <Filter>Header Files</Filter>
    </ClInclude>
    <ClInclude Include="targetver.h">
      <Filter>Header Files</Filter>
    </ClInclude>
    <ClInclude Include="Samples\Tests\array_test.h">
      <Filter>Header Files</Filter>
    </ClInclude>
    <ClInclude Include="Samples\Tests\arrayBit_test.h">
      <Filter>Header Files</Filter>
    </ClInclude>
    <ClInclude Include="Samples\Tests\arrayCircularQueue_test.h">
      <Filter>Header Files</Filter>
    </ClInclude>
    <ClInclude Include="Samples\Tests\arrayHeap_test.h">
      <Filter>Header Files</Filter>
    </ClInclude>
    <ClInclude Include="Samples\Tests\arrayStack_test.h">
      <Filter>Header Files</Filter>
    </ClInclude>
    <ClInclude Include="Samples\Tests\arrayVector_test.h">
      <Filter>Header Files</Filter>
    </ClInclude>
    <ClInclude Include="Samples\Tests\Graph_test.h">
      <Filter>Header Files</Filter>
    </ClInclude>
    <ClInclude Include="Samples\Tests\GraphAdjacentList_test.h">
      <Filter>Header Files</Filter>
    </ClInclude>
    <ClInclude Include="Samples\Tests\GraphMatrix_test.h">
      <Filter>Header Files</Filter>
    </ClInclude>
    <ClInclude Include="Samples\Tests\HashSet_test.h">
      <Filter>Header Files</Filter>
    </ClInclude>
    <ClInclude Include="Samples\Tests\HashTable_test.h">
      <Filter>Header Files</Filter>
    </ClInclude>
    <ClInclude Include="Samples\Tests\LinkedList_test.h">
      <Filter>Header Files</Filter>
    </ClInclude>
    <ClInclude Include="Samples\Tests\LinkedListDouble_test.h">
      <Filter>Header Files</Filter>
    </ClInclude>
    <ClInclude Include="Samples\Tests\LinkedQueue_test.h">
      <Filter>Header Files</Filter>
    </ClInclude>
    <ClInclude Include="Samples\Tests\LinkedStack_test.h">
      <Filter>Header Files</Filter>
    </ClInclude>
    <ClInclude Include="Samples\Tests\SortBubble_test.h">
      <Filter>Header Files</Filter>
    </ClInclude>
    <ClInclude Include="Samples\Tests\SortBucket_test.h">
      <Filter>Header Files</Filter>
    </ClInclude>
    <ClInclude Include="Samples\Tests\SortInsertion_test.h">
      <Filter>Header Files</Filter>
    </ClInclude>
    <ClInclude Include="Samples\Tests\SortMergeSort_test.h">
      <Filter>Header Files</Filter>
    </ClInclude>
    <ClInclude Include="Samples\Tests\SortQuickSort_test.h">
      <Filter>Header Files</Filter>
    </ClInclude>
    <ClInclude Include="Samples\Tests\SortRadix_test.h">
      <Filter>Header Files</Filter>
    </ClInclude>
    <ClInclude Include="Samples\Tests\SortSelection_test.h">
      <Filter>Header Files</Filter>
    </ClInclude>
    <ClInclude Include="Samples\Tests\TreeBinary_test.h">
      <Filter>Header Files</Filter>
    </ClInclude>
    <ClInclude Include="Samples\Tests\TreeBinaryBalanced_test.h">
      <Filter>Header Files</Filter>
    </ClInclude>
    <ClInclude Include="Samples\Tests\TreeMap_test.h">
      <Filter>Header Files</Filter>
    </ClInclude>
    <ClInclude Include="Samples\Tests\TreeMultiMap_test.h">
      <Filter>Header Files</Filter>
    </ClInclude>
    <ClInclude Include="Samples\Tests\TreeMultiSet_test.h">
      <Filter>Header Files</Filter>
    </ClInclude>
    <ClInclude Include="Samples\Tests\TreeRedBlack_WorkInProgress_test.h">
      <Filter>Header Files</Filter>
    </ClInclude>
    <ClInclude Include="Samples\Tests\TreeSet_test.h">
      <Filter>Header Files</Filter>
    </ClInclude>
    <ClInclude Include="Samples\Tests\TreeSplay_test.h">
      <Filter>Header Files</Filter>
    </ClInclude>
    <ClInclude Include="Samples\array.h">
      <Filter>Header Files</Filter>
    </ClInclude>
    <ClInclude Include="Samples\arrayBit.h">
      <Filter>Header Files</Filter>
    </ClInclude>
    <ClInclude Include="Samples\arrayCircularQueue.h">
      <Filter>Header Files</Filter>
    </ClInclude>
    <ClInclude Include="Samples\arrayHeap.h">
      <Filter>Header Files</Filter>
    </ClInclude>
    <ClInclude Include="Samples\arrayStack.h">
      <Filter>Header Files</Filter>
    </ClInclude>
    <ClInclude Include="Samples\arrayVector.h">
      <Filter>Header Files</Filter>
    </ClInclude>
    <ClInclude Include="Samples\Graph.h">
      <Filter>Header Files</Filter>
    </ClInclude>
    <ClInclude Include="Samples\GraphAdjacentList.h">
      <Filter>Header Files</Filter>
    </ClInclude>
    <ClInclude Include="Samples\GraphMatrix.h">
      <Filter>Header Files</Filter>
    </ClInclude>
    <ClInclude Include="Samples\HashSet.h">
      <Filter>Header Files</Filter>
    </ClInclude>
    <ClInclude Include="Samples\HashTable.h">
      <Filter>Header Files</Filter>
    </ClInclude>
    <ClInclude Include="Samples\LinkedList.h">
      <Filter>Header Files</Filter>
    </ClInclude>
    <ClInclude Include="Samples\LinkedListDouble.h">
      <Filter>Header Files</Filter>
    </ClInclude>
    <ClInclude Include="Samples\LinkedQueue.h">
      <Filter>Header Files</Filter>
    </ClInclude>
    <ClInclude Include="Samples\LinkedStack.h">
      <Filter>Header Files</Filter>
    </ClInclude>
    <ClInclude Include="Samples\SortBubble.h">
      <Filter>Header Files</Filter>
    </ClInclude>
    <ClInclude Include="Samples\SortBucket.h">
      <Filter>Header Files</Filter>
    </ClInclude>
    <ClInclude Include="Samples\SortHelpers.h">
      <Filter>Header Files</Filter>
    </ClInclude>
    <ClInclude Include="Samples\SortInsertion.h">
      <Filter>Header Files</Filter>
    </ClInclude>
    <ClInclude Include="Samples\SortMergeSort.h">
      <Filter>Header Files</Filter>
    </ClInclude>
    <ClInclude Include="Samples\SortQuickSort.h">
      <Filter>Header Files</Filter>
    </ClInclude>
    <ClInclude Include="Samples\SortRadix.h">
      <Filter>Header Files</Filter>
    </ClInclude>
    <ClInclude Include="Samples\SortSelection.h">
      <Filter>Header Files</Filter>
    </ClInclude>
    <ClInclude Include="Samples\TreeBinary.h">
      <Filter>Header Files</Filter>
    </ClInclude>
    <ClInclude Include="Samples\TreeBinaryBalanced.h">
      <Filter>Header Files</Filter>
    </ClInclude>
    <ClInclude Include="Samples\TreeBinaryInterface.h">
      <Filter>Header Files</Filter>
    </ClInclude>
    <ClInclude Include="Samples\TreeHelpers.h">
      <Filter>Header Files</Filter>
    </ClInclude>
    <ClInclude Include="Samples\TreeMap.h">
      <Filter>Header Files</Filter>
    </ClInclude>
    <ClInclude Include="Samples\TreeMultiMap.h">
      <Filter>Header Files</Filter>
    </ClInclude>
    <ClInclude Include="Samples\TreeMultiSet.h">
      <Filter>Header Files</Filter>
    </ClInclude>
    <ClInclude Include="Samples\TreeRedBlack_WorkInProgress.h">
      <Filter>Header Files</Filter>
    </ClInclude>
    <ClInclude Include="Samples\TreeSet.h">
      <Filter>Header Files</Filter>
    </ClInclude>
    <ClInclude Include="Samples\TreeSplay.h">
      <Filter>Header Files</Filter>
    </ClInclude>
    <ClInclude Include="ITest.h">
      <Filter>Header Files</Filter>
    </ClInclude>
  </ItemGroup>
  <ItemGroup>
    <ClCompile Include="stdafx.cpp">
      <Filter>Source Files</Filter>
    </ClCompile>
    <ClCompile Include="main.cpp">
      <Filter>Source Files</Filter>
    </ClCompile>
  </ItemGroup>
</Project>