<?xml version="1.0" encoding="utf-8"?>
<Project ToolsVersion="4.0" xmlns="http://schemas.microsoft.com/developer/msbuild/2003">
  <ItemGroup>
    <Filter Include="Source Files">
      <UniqueIdentifier>{4FC737F1-C7A5-4376-A066-2A32D752A2FF}</UniqueIdentifier>
      <Extensions>cpp;c;cc;cxx;def;odl;idl;hpj;bat;asm;asmx</Extensions>
    </Filter>
    <Filter Include="Header Files">
      <UniqueIdentifier>{93995380-89BD-4b04-88EB-625FBE52EBFB}</UniqueIdentifier>
      <Extensions>h;hh;hpp;hxx;hm;inl;inc;xsd</Extensions>
    </Filter>
    <Filter Include="Resource Files">
      <UniqueIdentifier>{67DA6AB6-F800-4c08-8B7A-83BB121AAD01}</UniqueIdentifier>
      <Extensions>rc;ico;cur;bmp;dlg;rc2;rct;bin;rgs;gif;jpg;jpeg;jpe;resx;tiff;tif;png;wav;mfcribbon-ms</Extensions>
    </Filter>
  </ItemGroup>
  <ItemGroup>
    <Text Include="ReadMe.txt" />
  </ItemGroup>
  <ItemGroup>
    <ClInclude Include="stdafx.h">
      <Filter>Header Files</Filter>
    </ClInclude>
    <ClInclude Include="targetver.h">
      <Filter>Header Files</Filter>
    </ClInclude>
    <ClInclude Include="ITest.h">
      <Filter>Header Files</Filter>
    </ClInclude>
    <ClInclude Include="samples\S01\foncteurs.h">
      <Filter>Header Files</Filter>
    </ClInclude>
    <ClInclude Include="samples\S01\S01.foncteur.h">
      <Filter>Header Files</Filter>
    </ClInclude>
    <ClInclude Include="samples\S01\Singleton.h">
      <Filter>Header Files</Filter>
    </ClInclude>
    <ClInclude Include="samples\S01\S01.singleton.h">
      <Filter>Header Files</Filter>
    </ClInclude>
    <ClInclude Include="samples\S01\S01.types.internes.h">
      <Filter>Header Files</Filter>
    </ClInclude>
    <ClInclude Include="samples\S02\Incopiable.h">
      <Filter>Header Files</Filter>
    </ClInclude>
    <ClInclude Include="samples\S02\GenSec2.h">
      <Filter>Header Files</Filter>
    </ClInclude>
    <ClInclude Include="samples\S02\GenSeq.h">
      <Filter>Header Files</Filter>
    </ClInclude>
    <ClInclude Include="samples\S02\S02.pimpl.h">
      <Filter>Header Files</Filter>
    </ClInclude>
    <ClInclude Include="samples\S04\S04.traits.h">
      <Filter>Header Files</Filter>
    </ClInclude>
    <ClInclude Include="samples\S04\S04.iterateurs.h">
      <Filter>Header Files</Filter>
    </ClInclude>
    <ClInclude Include="samples\S04\S04.programation.generique.h">
      <Filter>Header Files</Filter>
    </ClInclude>
    <ClInclude Include="samples\S05\S05.Moyenne.h">
      <Filter>Header Files</Filter>
    </ClInclude>
    <ClInclude Include="samples\S06\S06.politiques.h">
      <Filter>Header Files</Filter>
    </ClInclude>
    <ClInclude Include="samples\S06\S06.TableauCollaborative.h">
      <Filter>Header Files</Filter>
    </ClInclude>
    <ClInclude Include="samples\S06\S06.TableauCollaborativeGenerique.h">
      <Filter>Header Files</Filter>
    </ClInclude>
    <ClInclude Include="samples\S06\S06.TableauInjection.h">
      <Filter>Header Files</Filter>
    </ClInclude>
    <ClInclude Include="samples\S06\S06.TableauLocale.h">
      <Filter>Header Files</Filter>
    </ClInclude>
    <ClInclude Include="samples\S06\S06.TableauMixim.h">
      <Filter>Header Files</Filter>
    </ClInclude>
    <ClInclude Include="samples\S06\S06.TableauPolymorphique.h">
      <Filter>Header Files</Filter>
    </ClInclude>
    <ClInclude Include="samples\S06\S06.TableauPolymorphique2.h">
      <Filter>Header Files</Filter>
    </ClInclude>
    <ClInclude Include="samples\S06\S06.TrucBartonNackman.h">
      <Filter>Header Files</Filter>
    </ClInclude>
    <ClInclude Include="samples\S07\S07.Referentiels.h">
      <Filter>Header Files</Filter>
    </ClInclude>
    <ClInclude Include="samples\S08\Allocation.h">
      <Filter>Header Files</Filter>
    </ClInclude>
    <ClInclude Include="samples\S08\Allocation2.h">
      <Filter>Header Files</Filter>
    </ClInclude>
    <ClInclude Include="samples\S11\S11.lexical_cast.h">
      <Filter>Header Files</Filter>
    </ClInclude>
    <ClInclude Include="samples\S11\S11.metaprogramation.h">
      <Filter>Header Files</Filter>
    </ClInclude>
    <ClInclude Include="samples\S11\S11.Selectur.Types.h">
      <Filter>Header Files</Filter>
    </ClInclude>
    <ClInclude Include="samples\S13\S13.Incompilable.h">
      <Filter>Header Files</Filter>
    </ClInclude>
    <ClInclude Include="samples\S13\S13.static_accumulate.h">
      <Filter>Header Files</Filter>
    </ClInclude>
    <ClInclude Include="samples\S13\S13.metaprogramation2.h">
      <Filter>Header Files</Filter>
    </ClInclude>
    <ClInclude Include="samples\S12\3rd version\compose3_fx_gx.h">
      <Filter>Header Files</Filter>
    </ClInclude>
    <ClInclude Include="samples\S12\3rd version\composite_function_traits.h">
      <Filter>Header Files</Filter>
    </ClInclude>
    <ClInclude Include="samples\S12\3rd version\functional_extension.h">
      <Filter>Header Files</Filter>
    </ClInclude>
    <ClInclude Include="samples\S12\3rd version\fx_then_gx.h">
      <Filter>Header Files</Filter>
    </ClInclude>
    <ClInclude Include="samples\S12\S12.pointeurs.de.fonctions.h">
      <Filter>Header Files</Filter>
    </ClInclude>
    <ClInclude Include="samples\S12\S12.methodes.instances.h">
      <Filter>Header Files</Filter>
    </ClInclude>
    <ClInclude Include="samples\S12\S12.composition.functions2.h">
      <Filter>Header Files</Filter>
    </ClInclude>
    <ClInclude Include="samples\S12\compose2_fx_gx.h">
      <Filter>Header Files</Filter>
    </ClInclude>
    <ClInclude Include="samples\S12\S12.composition.functions.h">
      <Filter>Header Files</Filter>
    </ClInclude>
    <ClInclude Include="samples\S12\compose_fx_gx.h">
      <Filter>Header Files</Filter>
    </ClInclude>
  </ItemGroup>
  <ItemGroup>
    <ClCompile Include="stdafx.cpp">
      <Filter>Source Files</Filter>
    </ClCompile>
    <ClCompile Include="main.cpp">
      <Filter>Source Files</Filter>
    </ClCompile>
    <ClCompile Include="samples\S01\S01.casting.h">
      <Filter>Source Files</Filter>
    </ClCompile>
    <ClCompile Include="samples\S02\GenSec2.cpp">
      <Filter>Source Files</Filter>
    </ClCompile>
    <ClCompile Include="samples\S02\GenSeq.cpp">
      <Filter>Source Files</Filter>
    </ClCompile>
    <ClCompile Include="samples\S08\Allocation.cpp">
      <Filter>Source Files</Filter>
    </ClCompile>
    <ClCompile Include="samples\S08\Allocation2.cpp">
      <Filter>Source Files</Filter>
    </ClCompile>
    <ClCompile Include="samples\S12\3rd version\principal.h">
      <Filter>Source Files</Filter>
    </ClCompile>
  </ItemGroup>
</Project>