<?xml version="1.0" encoding="utf-8"?>
<Project ToolsVersion="4.0" xmlns="http://schemas.microsoft.com/developer/msbuild/2003">
  <ItemGroup>
    <Filter Include="Source Files">
      <UniqueIdentifier>{4FC737F1-C7A5-4376-A066-2A32D752A2FF}</UniqueIdentifier>
      <Extensions>cpp;c;cc;cxx;def;odl;idl;hpj;bat;asm;asmx</Extensions>
    </Filter>
    <Filter Include="Header Files">
      <UniqueIdentifier>{93995380-89BD-4b04-88EB-625FBE52EBFB}</UniqueIdentifier>
      <Extensions>h;hpp;hxx;hm;inl;inc;xsd</Extensions>
    </Filter>
    <Filter Include="Resource Files">
      <UniqueIdentifier>{67DA6AB6-F800-4c08-8B7A-83BB121AAD01}</UniqueIdentifier>
      <Extensions>rc;ico;cur;bmp;dlg;rc2;rct;bin;rgs;gif;jpg;jpeg;jpe;resx;tiff;tif;png;wav</Extensions>
    </Filter>
  </ItemGroup>
  <ItemGroup>
    <ClCompile Include="poly2tri\sweep\advancing_front.cc">
      <Filter>Source Files</Filter>
    </ClCompile>
    <ClCompile Include="Algorithms\ASearchAlgorithm.cpp">
      <Filter>Source Files</Filter>
    </ClCompile>
    <ClCompile Include="poly2tri\sweep\cdt.cc">
      <Filter>Source Files</Filter>
    </ClCompile>
    <ClCompile Include="CNavmesh.cpp">
      <Filter>Source Files</Filter>
    </ClCompile>
    <ClCompile Include="ComposeFloor.cpp">
      <Filter>Source Files</Filter>
    </ClCompile>
    <ClCompile Include="Algorithms\CSearchAStar.cpp">
      <Filter>Source Files</Filter>
    </ClCompile>
    <ClCompile Include="Algorithms\CSearchBidirectional.cpp">
      <Filter>Source Files</Filter>
    </ClCompile>
    <ClCompile Include="Algorithms\CSearchBreadFirst.cpp">
      <Filter>Source Files</Filter>
    </ClCompile>
    <ClCompile Include="Algorithms\CSearchDeepFirst.cpp">
      <Filter>Source Files</Filter>
    </ClCompile>
    <ClCompile Include="Algorithms\CSearchGreedy.cpp">
      <Filter>Source Files</Filter>
    </ClCompile>
    <ClCompile Include="Navmesh.cpp">
      <Filter>Source Files</Filter>
    </ClCompile>
    <ClCompile Include="SelectItem.cpp">
      <Filter>Source Files</Filter>
    </ClCompile>
    <ClCompile Include="poly2tri\common\shapes.cc">
      <Filter>Source Files</Filter>
    </ClCompile>
    <ClCompile Include="stdafx.cpp">
      <Filter>Source Files</Filter>
    </ClCompile>
    <ClCompile Include="poly2tri\sweep\sweep.cc">
      <Filter>Source Files</Filter>
    </ClCompile>
    <ClCompile Include="poly2tri\sweep\sweep_context.cc">
      <Filter>Source Files</Filter>
    </ClCompile>
    <ClCompile Include="Texture.cpp">
      <Filter>Source Files</Filter>
    </ClCompile>
    <ClCompile Include="TextureContainer.cpp">
      <Filter>Source Files</Filter>
    </ClCompile>
  </ItemGroup>
  <ItemGroup>
    <ClInclude Include="poly2tri\sweep\advancing_front.h">
      <Filter>Header Files</Filter>
    </ClInclude>
    <ClInclude Include="Algorithms\ASearchAlgorithm.h">
      <Filter>Header Files</Filter>
    </ClInclude>
    <ClInclude Include="poly2tri\sweep\cdt.h">
      <Filter>Header Files</Filter>
    </ClInclude>
    <ClInclude Include="CNavmesh.h">
      <Filter>Header Files</Filter>
    </ClInclude>
    <ClInclude Include="ComposeFloor.h">
      <Filter>Header Files</Filter>
    </ClInclude>
    <ClInclude Include="Algorithms\CSearchAStar.h">
      <Filter>Header Files</Filter>
    </ClInclude>
    <ClInclude Include="Algorithms\CSearchBidirectional.h">
      <Filter>Header Files</Filter>
    </ClInclude>
    <ClInclude Include="Algorithms\CSearchBreadFirst.h">
      <Filter>Header Files</Filter>
    </ClInclude>
    <ClInclude Include="Algorithms\CSearchDeepFirst.h">
      <Filter>Header Files</Filter>
    </ClInclude>
    <ClInclude Include="Algorithms\CSearchGreedy.h">
      <Filter>Header Files</Filter>
    </ClInclude>
    <ClInclude Include="CStructures.h">
      <Filter>Header Files</Filter>
    </ClInclude>
    <ClInclude Include="Navmesh.h">
      <Filter>Header Files</Filter>
    </ClInclude>
    <ClInclude Include="poly2tri\poly2tri.h">
      <Filter>Header Files</Filter>
    </ClInclude>
    <ClInclude Include="Resource.h">
      <Filter>Header Files</Filter>
    </ClInclude>
    <ClInclude Include="SelectItem.h">
      <Filter>Header Files</Filter>
    </ClInclude>
    <ClInclude Include="poly2tri\common\shapes.h">
      <Filter>Header Files</Filter>
    </ClInclude>
    <ClInclude Include="stdafx.h">
      <Filter>Header Files</Filter>
    </ClInclude>
    <ClInclude Include="poly2tri\sweep\sweep.h">
      <Filter>Header Files</Filter>
    </ClInclude>
    <ClInclude Include="poly2tri\sweep\sweep_context.h">
      <Filter>Header Files</Filter>
    </ClInclude>
    <ClInclude Include="targetver.h">
      <Filter>Header Files</Filter>
    </ClInclude>
    <ClInclude Include="Texture.h">
      <Filter>Header Files</Filter>
    </ClInclude>
    <ClInclude Include="TextureContainer.h">
      <Filter>Header Files</Filter>
    </ClInclude>
    <ClInclude Include="poly2tri\common\utils.h">
      <Filter>Header Files</Filter>
    </ClInclude>
  </ItemGroup>
  <ItemGroup>
    <Image Include="Assets\Textures\ground.png">
      <Filter>Resource Files</Filter>
    </Image>
    <Image Include="Assets\Textures\info1.png">
      <Filter>Resource Files</Filter>
    </Image>
    <Image Include="Assets\Textures\info2.png">
      <Filter>Resource Files</Filter>
    </Image>
    <Image Include="Assets\Textures\interface.png">
      <Filter>Resource Files</Filter>
    </Image>
    <Image Include="Assets\Textures\interface1.png">
      <Filter>Resource Files</Filter>
    </Image>
    <Image Include="Assets\Textures\interface2.png">
      <Filter>Resource Files</Filter>
    </Image>
    <Image Include="Assets\Textures\metal.png">
      <Filter>Resource Files</Filter>
    </Image>
    <Image Include="Assets\Textures\metal2.png">
      <Filter>Resource Files</Filter>
    </Image>
    <Image Include="Assets\Textures\metal3.png">
      <Filter>Resource Files</Filter>
    </Image>
    <Image Include="Assets\Resources\Navmesh.ico">
      <Filter>Resource Files</Filter>
    </Image>
    <Image Include="Assets\Textures\obstacle_house1.png">
      <Filter>Resource Files</Filter>
    </Image>
    <Image Include="Assets\Textures\obstacle_house2.png">
      <Filter>Resource Files</Filter>
    </Image>
    <Image Include="Assets\Textures\obstacle_tree1.png">
      <Filter>Resource Files</Filter>
    </Image>
    <Image Include="Assets\Textures\obstacle_tree2.png">
      <Filter>Resource Files</Filter>
    </Image>
    <Image Include="Assets\Textures\power.png">
      <Filter>Resource Files</Filter>
    </Image>
    <Image Include="Assets\Textures\reset.png">
      <Filter>Resource Files</Filter>
    </Image>
    <Image Include="Assets\Textures\select_algorithm.png">
      <Filter>Resource Files</Filter>
    </Image>
    <Image Include="Assets\Resources\small.ico">
      <Filter>Resource Files</Filter>
    </Image>
    <Image Include="Assets\Textures\zeldabase.png">
      <Filter>Resource Files</Filter>
    </Image>
  </ItemGroup>
  <ItemGroup>
    <ResourceCompile Include="Assets\Resources\Navmesh.rc">
      <Filter>Resource Files</Filter>
    </ResourceCompile>
  </ItemGroup>
  <ItemGroup>
    <Text Include="Assets\Resources\ReadMe.txt" />
  </ItemGroup>
</Project>