<?xml version="1.0" encoding="utf-8"?>
<Project ToolsVersion="4.0" xmlns="http://schemas.microsoft.com/developer/msbuild/2003">
  <ItemGroup>
    <Filter Include="Source Files">
      <UniqueIdentifier>{4FC737F1-C7A5-4376-A066-2A32D752A2FF}</UniqueIdentifier>
      <Extensions>cpp;c;cc;cxx;def;odl;idl;hpj;bat;asm;asmx</Extensions>
    </Filter>
    <Filter Include="Header Files">
      <UniqueIdentifier>{93995380-89BD-4b04-88EB-625FBE52EBFB}</UniqueIdentifier>
      <Extensions>h;hh;hpp;hxx;hm;inl;inc;xsd</Extensions>
    </Filter>
    <Filter Include="Resource Files">
      <UniqueIdentifier>{67DA6AB6-F800-4c08-8B7A-83BB121AAD01}</UniqueIdentifier>
      <Extensions>rc;ico;cur;bmp;dlg;rc2;rct;bin;rgs;gif;jpg;jpeg;jpe;resx;tiff;tif;png;wav;mfcribbon-ms</Extensions>
    </Filter>
  </ItemGroup>
  <ItemGroup>
    <Text Include="ReadMe.txt" />
  </ItemGroup>
  <ItemGroup>
    <ClInclude Include="stdafx.h">
      <Filter>Header Files</Filter>
    </ClInclude>
    <ClInclude Include="targetver.h">
      <Filter>Header Files</Filter>
    </ClInclude>
    <ClInclude Include="ITest.h">
      <Filter>Header Files</Filter>
    </ClInclude>
    <ClInclude Include="samples\ClassUtls\crc.h">
      <Filter>Header Files</Filter>
    </ClInclude>
    <ClInclude Include="samples\ClassUtls\EventArgs.h">
      <Filter>Header Files</Filter>
    </ClInclude>
    <ClInclude Include="samples\ClassUtls\EventHandler.h">
      <Filter>Header Files</Filter>
    </ClInclude>
    <ClInclude Include="samples\ClassUtls\Incopiable.h">
      <Filter>Header Files</Filter>
    </ClInclude>
    <ClInclude Include="samples\ClassUtls\Singleton.h">
      <Filter>Header Files</Filter>
    </ClInclude>
    <ClInclude Include="samples\ClassUtls\StringUtils.h">
      <Filter>Header Files</Filter>
    </ClInclude>
    <ClInclude Include="samples\ClassUtls\Thread.h">
      <Filter>Header Files</Filter>
    </ClInclude>
    <ClInclude Include="samples\ClassUtls\xtring.h">
      <Filter>Header Files</Filter>
    </ClInclude>
    <ClInclude Include="samples\Divers\auto_ptr.h">
      <Filter>Header Files</Filter>
    </ClInclude>
    <ClInclude Include="samples\Divers\binary.h">
      <Filter>Header Files</Filter>
    </ClInclude>
    <ClInclude Include="samples\Divers\char_strings.h">
      <Filter>Header Files</Filter>
    </ClInclude>
    <ClInclude Include="samples\Divers\contructor_desctructor.h">
      <Filter>Header Files</Filter>
    </ClInclude>
    <ClInclude Include="samples\Divers\explicit.h">
      <Filter>Header Files</Filter>
    </ClInclude>
    <ClInclude Include="samples\Divers\friend.h">
      <Filter>Header Files</Filter>
    </ClInclude>
    <ClInclude Include="samples\Divers\generic_traits.h">
      <Filter>Header Files</Filter>
    </ClInclude>
    <ClInclude Include="samples\Divers\generic_vector.h">
      <Filter>Header Files</Filter>
    </ClInclude>
    <ClInclude Include="samples\Divers\reference_pointers.h">
      <Filter>Header Files</Filter>
    </ClInclude>
    <ClInclude Include="samples\Divers\resize_vector.h">
      <Filter>Header Files</Filter>
    </ClInclude>
    <ClInclude Include="samples\Divers\ReturnBuildDestroyFlow.h">
      <Filter>Header Files</Filter>
    </ClInclude>
    <ClInclude Include="samples\Divers\shared_ptr.h">
      <Filter>Header Files</Filter>
    </ClInclude>
    <ClInclude Include="samples\Divers\switch.h">
      <Filter>Header Files</Filter>
    </ClInclude>
    <ClInclude Include="samples\Divers\test.h">
      <Filter>Header Files</Filter>
    </ClInclude>
    <ClInclude Include="samples\Divers\union.h">
      <Filter>Header Files</Filter>
    </ClInclude>
    <ClInclude Include="samples\Divers\unique_ptr.h">
      <Filter>Header Files</Filter>
    </ClInclude>
    <ClInclude Include="samples\Divers\virtual.h">
      <Filter>Header Files</Filter>
    </ClInclude>
    <ClInclude Include="samples\GenericProg\GenericFoncteurs.h">
      <Filter>Header Files</Filter>
    </ClInclude>
    <ClInclude Include="samples\GenericProg\GenericVector.h">
      <Filter>Header Files</Filter>
    </ClInclude>
    <ClInclude Include="samples\MetaProg\Equal.h">
      <Filter>Header Files</Filter>
    </ClInclude>
    <ClInclude Include="samples\MetaProg\IsAbstract.h">
      <Filter>Header Files</Filter>
    </ClInclude>
    <ClInclude Include="samples\MetaProg\LexicalCast.h">
      <Filter>Header Files</Filter>
    </ClInclude>
    <ClInclude Include="samples\MetaProg\MidValue.h">
      <Filter>Header Files</Filter>
    </ClInclude>
    <ClInclude Include="samples\MetaProg\TraitsLists.h">
      <Filter>Header Files</Filter>
    </ClInclude>
    <ClInclude Include="samples\MetaProg\TraitsUtils.h">
      <Filter>Header Files</Filter>
    </ClInclude>
    <ClInclude Include="samples\MetaProg\Types.h">
      <Filter>Header Files</Filter>
    </ClInclude>
    <ClInclude Include="samples\Misc\VirtualTable.h">
      <Filter>Header Files</Filter>
    </ClInclude>
    <ClInclude Include="samples\Misc\VaridicMember.h">
      <Filter>Header Files</Filter>
    </ClInclude>
    <ClInclude Include="samples\mentoring\partial_template.h">
      <Filter>Header Files</Filter>
    </ClInclude>
    <ClInclude Include="samples\Misc\NoSTLdebug.h">
      <Filter>Header Files</Filter>
    </ClInclude>
    <ClInclude Include="samples\mentoring\PointerToMethod.h">
      <Filter>Header Files</Filter>
    </ClInclude>
    <ClInclude Include="samples\mentoring\VirtualConstructor.h">
      <Filter>Header Files</Filter>
    </ClInclude>
    <ClInclude Include="samples\mentoring\AvoidNamespaceDependencies.h">
      <Filter>Header Files</Filter>
    </ClInclude>
    <ClInclude Include="samples\Misc\Test2.h">
      <Filter>Header Files</Filter>
    </ClInclude>
    <ClInclude Include="samples\Misc\Test3.h">
      <Filter>Header Files</Filter>
    </ClInclude>
    <ClInclude Include="samples\Misc\Test4.h">
      <Filter>Header Files</Filter>
    </ClInclude>
    <ClInclude Include="samples\Misc\Test5.h">
      <Filter>Header Files</Filter>
    </ClInclude>
    <ClInclude Include="samples\mentoring\DisableDynamicCast.h">
      <Filter>Header Files</Filter>
    </ClInclude>
    <ClInclude Include="samples\Misc\Dijkstra.h">
      <Filter>Header Files</Filter>
    </ClInclude>
    <ClInclude Include="samples\Misc\AStar.h">
      <Filter>Header Files</Filter>
    </ClInclude>
    <ClInclude Include="samples\Misc\AddressOf.h">
      <Filter>Header Files</Filter>
    </ClInclude>
    <ClInclude Include="samples\Misc\TestOmnidrone1.h">
      <Filter>Header Files</Filter>
    </ClInclude>
    <ClInclude Include="samples\Misc\TestOmnidrone2.h">
      <Filter>Header Files</Filter>
    </ClInclude>
    <ClInclude Include="samples\Misc\TestOmnidrone3.h">
      <Filter>Header Files</Filter>
    </ClInclude>
    <ClInclude Include="samples\Misc\TestOmnidrone4.h">
      <Filter>Header Files</Filter>
    </ClInclude>
    <ClInclude Include="samples\Misc\TestOmnidrone5.h">
      <Filter>Header Files</Filter>
    </ClInclude>
    <ClInclude Include="samples\Misc\TestOmnidrone6.h">
      <Filter>Header Files</Filter>
    </ClInclude>
  </ItemGroup>
  <ItemGroup>
    <ClCompile Include="stdafx.cpp">
      <Filter>Source Files</Filter>
    </ClCompile>
    <ClCompile Include="Utils.cpp">
      <Filter>Source Files</Filter>
    </ClCompile>
    <ClCompile Include="samples\ClassUtls\EventHandler.cpp">
      <Filter>Source Files</Filter>
    </ClCompile>
    <ClCompile Include="samples\ClassUtls\EventHandlerDemo.cpp">
      <Filter>Source Files</Filter>
    </ClCompile>
    <ClCompile Include="samples\ClassUtls\Thread.cpp">
      <Filter>Source Files</Filter>
    </ClCompile>
    <ClCompile Include="samples\ClassUtls\xtring.cpp">
      <Filter>Source Files</Filter>
    </ClCompile>
    <ClCompile Include="samples\mentoring\AvoidNamespaceDependencies.cpp">
      <Filter>Source Files</Filter>
    </ClCompile>
    <ClCompile Include="samples\mentoring\ReturnValueOptimization.h">
      <Filter>Source Files</Filter>
    </ClCompile>
  </ItemGroup>
</Project>