<?xml version="1.0" encoding="utf-8"?>
<Project ToolsVersion="4.0" xmlns="http://schemas.microsoft.com/developer/msbuild/2003">
  <ItemGroup>
    <Filter Include="Source Files">
      <UniqueIdentifier>{4FC737F1-C7A5-4376-A066-2A32D752A2FF}</UniqueIdentifier>
      <Extensions>cpp;c;cc;cxx;def;odl;idl;hpj;bat;asm;asmx</Extensions>
    </Filter>
    <Filter Include="Header Files">
      <UniqueIdentifier>{93995380-89BD-4b04-88EB-625FBE52EBFB}</UniqueIdentifier>
      <Extensions>h;hh;hpp;hxx;hm;inl;inc;xsd</Extensions>
    </Filter>
    <Filter Include="Resource Files">
      <UniqueIdentifier>{67DA6AB6-F800-4c08-8B7A-83BB121AAD01}</UniqueIdentifier>
      <Extensions>rc;ico;cur;bmp;dlg;rc2;rct;bin;rgs;gif;jpg;jpeg;jpe;resx;tiff;tif;png;wav;mfcribbon-ms</Extensions>
    </Filter>
  </ItemGroup>
  <ItemGroup>
    <Text Include="ReadMe.txt" />
  </ItemGroup>
  <ItemGroup>
    <ClInclude Include="stdafx.h">
      <Filter>Header Files</Filter>
    </ClInclude>
    <ClInclude Include="targetver.h">
      <Filter>Header Files</Filter>
    </ClInclude>
    <ClInclude Include="ITest.h">
      <Filter>Header Files</Filter>
    </ClInclude>
    <ClInclude Include="samples\transform.h">
      <Filter>Header Files</Filter>
    </ClInclude>
    <ClInclude Include="samples\swap_ranges.h">
      <Filter>Header Files</Filter>
    </ClInclude>
    <ClInclude Include="samples\swap.h">
      <Filter>Header Files</Filter>
    </ClInclude>
    <ClInclude Include="samples\stable_sort.h">
      <Filter>Header Files</Filter>
    </ClInclude>
    <ClInclude Include="samples\stable_partition.h">
      <Filter>Header Files</Filter>
    </ClInclude>
    <ClInclude Include="samples\sort.h">
      <Filter>Header Files</Filter>
    </ClInclude>
    <ClInclude Include="samples\set_union.h">
      <Filter>Header Files</Filter>
    </ClInclude>
    <ClInclude Include="samples\set_symmetric_difference.h">
      <Filter>Header Files</Filter>
    </ClInclude>
    <ClInclude Include="samples\set_intersection.h">
      <Filter>Header Files</Filter>
    </ClInclude>
    <ClInclude Include="samples\set_difference.h">
      <Filter>Header Files</Filter>
    </ClInclude>
    <ClInclude Include="samples\search_n.h">
      <Filter>Header Files</Filter>
    </ClInclude>
    <ClInclude Include="samples\search.h">
      <Filter>Header Files</Filter>
    </ClInclude>
    <ClInclude Include="samples\rotate_copy.h">
      <Filter>Header Files</Filter>
    </ClInclude>
    <ClInclude Include="samples\rotate.h">
      <Filter>Header Files</Filter>
    </ClInclude>
    <ClInclude Include="samples\reverse_copy.h">
      <Filter>Header Files</Filter>
    </ClInclude>
    <ClInclude Include="samples\reverse.h">
      <Filter>Header Files</Filter>
    </ClInclude>
    <ClInclude Include="samples\replace_if.h">
      <Filter>Header Files</Filter>
    </ClInclude>
    <ClInclude Include="samples\replace_copy_if.h">
      <Filter>Header Files</Filter>
    </ClInclude>
    <ClInclude Include="samples\replace_copy.h">
      <Filter>Header Files</Filter>
    </ClInclude>
    <ClInclude Include="samples\replace.h">
      <Filter>Header Files</Filter>
    </ClInclude>
    <ClInclude Include="samples\remove_if.h">
      <Filter>Header Files</Filter>
    </ClInclude>
    <ClInclude Include="samples\remove_copy_if.h">
      <Filter>Header Files</Filter>
    </ClInclude>
    <ClInclude Include="samples\remove_copy.h">
      <Filter>Header Files</Filter>
    </ClInclude>
    <ClInclude Include="samples\remove.h">
      <Filter>Header Files</Filter>
    </ClInclude>
    <ClInclude Include="samples\random_shuffle.h">
      <Filter>Header Files</Filter>
    </ClInclude>
    <ClInclude Include="samples\make_heap.h">
      <Filter>Header Files</Filter>
    </ClInclude>
    <ClInclude Include="samples\prev_permutation.h">
      <Filter>Header Files</Filter>
    </ClInclude>
    <ClInclude Include="samples\partition.h">
      <Filter>Header Files</Filter>
    </ClInclude>
    <ClInclude Include="samples\partial_sort_copy.h">
      <Filter>Header Files</Filter>
    </ClInclude>
    <ClInclude Include="samples\partial_sort.h">
      <Filter>Header Files</Filter>
    </ClInclude>
    <ClInclude Include="samples\nth_element.h">
      <Filter>Header Files</Filter>
    </ClInclude>
    <ClInclude Include="samples\next_permutation.h">
      <Filter>Header Files</Filter>
    </ClInclude>
    <ClInclude Include="samples\mismatch.h">
      <Filter>Header Files</Filter>
    </ClInclude>
    <ClInclude Include="samples\min.h">
      <Filter>Header Files</Filter>
    </ClInclude>
    <ClInclude Include="samples\merge.h">
      <Filter>Header Files</Filter>
    </ClInclude>
    <ClInclude Include="samples\max_element.h">
      <Filter>Header Files</Filter>
    </ClInclude>
    <ClInclude Include="samples\max.h">
      <Filter>Header Files</Filter>
    </ClInclude>
    <ClInclude Include="samples\lower_upper_bound.h">
      <Filter>Header Files</Filter>
    </ClInclude>
    <ClInclude Include="samples\lexicographical_compare.h">
      <Filter>Header Files</Filter>
    </ClInclude>
    <ClInclude Include="samples\iter_swap.h">
      <Filter>Header Files</Filter>
    </ClInclude>
    <ClInclude Include="samples\inplace_merge.h">
      <Filter>Header Files</Filter>
    </ClInclude>
    <ClInclude Include="samples\include.h">
      <Filter>Header Files</Filter>
    </ClInclude>
    <ClInclude Include="samples\generate_n.h">
      <Filter>Header Files</Filter>
    </ClInclude>
    <ClInclude Include="samples\generate.h">
      <Filter>Header Files</Filter>
    </ClInclude>
    <ClInclude Include="samples\for_each.h">
      <Filter>Header Files</Filter>
    </ClInclude>
    <ClInclude Include="samples\find_if.h">
      <Filter>Header Files</Filter>
    </ClInclude>
    <ClInclude Include="samples\find_first_of.h">
      <Filter>Header Files</Filter>
    </ClInclude>
    <ClInclude Include="samples\find_end.h">
      <Filter>Header Files</Filter>
    </ClInclude>
    <ClInclude Include="samples\find.h">
      <Filter>Header Files</Filter>
    </ClInclude>
    <ClInclude Include="samples\fill_n.h">
      <Filter>Header Files</Filter>
    </ClInclude>
    <ClInclude Include="samples\fill.h">
      <Filter>Header Files</Filter>
    </ClInclude>
    <ClInclude Include="samples\equal_range.h">
      <Filter>Header Files</Filter>
    </ClInclude>
    <ClInclude Include="samples\equal.h">
      <Filter>Header Files</Filter>
    </ClInclude>
    <ClInclude Include="samples\count_if.h">
      <Filter>Header Files</Filter>
    </ClInclude>
    <ClInclude Include="samples\count.h">
      <Filter>Header Files</Filter>
    </ClInclude>
    <ClInclude Include="samples\copy_backward.h">
      <Filter>Header Files</Filter>
    </ClInclude>
    <ClInclude Include="samples\copy.h">
      <Filter>Header Files</Filter>
    </ClInclude>
    <ClInclude Include="samples\binary_search.h">
      <Filter>Header Files</Filter>
    </ClInclude>
    <ClInclude Include="samples\adjacent_find.h">
      <Filter>Header Files</Filter>
    </ClInclude>
  </ItemGroup>
  <ItemGroup>
    <ClCompile Include="stdafx.cpp">
      <Filter>Source Files</Filter>
    </ClCompile>
    <ClCompile Include="C++STL.cpp">
      <Filter>Source Files</Filter>
    </ClCompile>
    <ClCompile Include="samples\unique_copy.h">
      <Filter>Source Files</Filter>
    </ClCompile>
    <ClCompile Include="samples\unique.h">
      <Filter>Source Files</Filter>
    </ClCompile>
    <ClCompile Include="samples\vector.h">
      <Filter>Source Files</Filter>
    </ClCompile>
    <ClCompile Include="samples\vector.cpp">
      <Filter>Source Files</Filter>
    </ClCompile>
  </ItemGroup>
</Project>