<?xml version="1.0" encoding="utf-8"?>
<Project ToolsVersion="4.0" xmlns="http://schemas.microsoft.com/developer/msbuild/2003">
  <ItemGroup>
    <Filter Include="Source Files">
      <UniqueIdentifier>{4FC737F1-C7A5-4376-A066-2A32D752A2FF}</UniqueIdentifier>
      <Extensions>cpp;c;cc;cxx;def;odl;idl;hpj;bat;asm;asmx</Extensions>
    </Filter>
    <Filter Include="Header Files">
      <UniqueIdentifier>{93995380-89BD-4b04-88EB-625FBE52EBFB}</UniqueIdentifier>
      <Extensions>h;hh;hpp;hxx;hm;inl;inc;xsd</Extensions>
    </Filter>
    <Filter Include="Resource Files">
      <UniqueIdentifier>{67DA6AB6-F800-4c08-8B7A-83BB121AAD01}</UniqueIdentifier>
      <Extensions>rc;ico;cur;bmp;dlg;rc2;rct;bin;rgs;gif;jpg;jpeg;jpe;resx;tiff;tif;png;wav;mfcribbon-ms</Extensions>
    </Filter>
  </ItemGroup>
  <ItemGroup>
    <Text Include="ReadMe.txt" />
  </ItemGroup>
  <ItemGroup>
    <ClInclude Include="stdafx.h">
      <Filter>Header Files</Filter>
    </ClInclude>
    <ClInclude Include="targetver.h">
      <Filter>Header Files</Filter>
    </ClInclude>
    <ClInclude Include="samples\MI02_AdressOf.h">
      <Filter>Header Files</Filter>
    </ClInclude>
    <ClInclude Include="samples\MI03_AlgebraicHierarchy.h">
      <Filter>Header Files</Filter>
    </ClInclude>
    <ClInclude Include="samples\MI05_AttorneyClient.h">
      <Filter>Header Files</Filter>
    </ClInclude>
    <ClInclude Include="samples\MI06_BartonNackman.h">
      <Filter>Header Files</Filter>
    </ClInclude>
    <ClInclude Include="samples\MI07_BaseFromMember.h">
      <Filter>Header Files</Filter>
    </ClInclude>
    <ClInclude Include="samples\MI08_BoostMutant.h">
      <Filter>Header Files</Filter>
    </ClInclude>
    <ClInclude Include="samples\MI09_VirtualFuntionsOnConstructor.h">
      <Filter>Header Files</Filter>
    </ClInclude>
    <ClInclude Include="samples\MI11_CheckedDelete.h">
      <Filter>Header Files</Filter>
    </ClInclude>
    <ClInclude Include="samples\MI12_ClearAndMinimize.h">
      <Filter>Header Files</Filter>
    </ClInclude>
    <ClInclude Include="samples\MI13_CohercionByMemberTemplate.h">
      <Filter>Header Files</Filter>
    </ClInclude>
    <ClInclude Include="samples\MI15_ConcreteDataType.h">
      <Filter>Header Files</Filter>
    </ClInclude>
    <ClInclude Include="samples\MI18_ConstructionTraker.h">
      <Filter>Header Files</Filter>
    </ClInclude>
    <ClInclude Include="samples\MI19_CopyAndSwap.h">
      <Filter>Header Files</Filter>
    </ClInclude>
    <ClInclude Include="samples\MI21_CountedBody.h">
      <Filter>Header Files</Filter>
    </ClInclude>
    <ClInclude Include="samples\MI22_CuriouslyRecurringTemplatePattern.h">
      <Filter>Header Files</Filter>
    </ClInclude>
    <ClInclude Include="samples\MI24_EmptyBaseOptimization.h">
      <Filter>Header Files</Filter>
    </ClInclude>
    <ClInclude Include="samples\MI25_EnableIf.h">
      <Filter>Header Files</Filter>
    </ClInclude>
    <ClInclude Include="samples\MI27_EraseRemove.h">
      <Filter>Header Files</Filter>
    </ClInclude>
    <ClInclude Include="samples\MI29_ExecuteAroundPointer.h">
      <Filter>Header Files</Filter>
    </ClInclude>
    <ClInclude Include="samples\MI40_InlineGuardMacro.h">
      <Filter>Header Files</Filter>
    </ClInclude>
    <ClInclude Include="samples\MI41_InnerClass.h">
      <Filter>Header Files</Filter>
    </ClInclude>
    <ClInclude Include="samples\MI48_MultiStatementMacro.h">
      <Filter>Header Files</Filter>
    </ClInclude>
    <ClInclude Include="samples\MI49_MemberDetector.h">
      <Filter>Header Files</Filter>
    </ClInclude>
    <ClInclude Include="samples\MI50_NamedConstructor.h">
      <Filter>Header Files</Filter>
    </ClInclude>
    <ClInclude Include="samples\MI52_NamedLoop.h">
      <Filter>Header Files</Filter>
    </ClInclude>
    <ClInclude Include="samples\MI53_NamedParameter.h">
      <Filter>Header Files</Filter>
    </ClInclude>
    <ClInclude Include="samples\Mi56_NonCopyable.h">
      <Filter>Header Files</Filter>
    </ClInclude>
    <ClInclude Include="samples\MI58_NonThrowingSwap.h">
      <Filter>Header Files</Filter>
    </ClInclude>
    <ClInclude Include="samples\MI59_NonVirtualInterface.h">
      <Filter>Header Files</Filter>
    </ClInclude>
    <ClInclude Include="samples\MI60_NullPtr.h">
      <Filter>Header Files</Filter>
    </ClInclude>
    <ClInclude Include="samples\MI61_ObjectGenerator.h">
      <Filter>Header Files</Filter>
    </ClInclude>
    <ClInclude Include="samples\MI63_ParameterizedBaseClass.h">
      <Filter>Header Files</Filter>
    </ClInclude>
    <ClInclude Include="samples\MI65_PolicyClone.h">
      <Filter>Header Files</Filter>
    </ClInclude>
    <ClInclude Include="samples\MI67_PolimorphicException.h">
      <Filter>Header Files</Filter>
    </ClInclude>
    <ClInclude Include="samples\MI73_ReturnType.h">
      <Filter>Header Files</Filter>
    </ClInclude>
    <ClInclude Include="samples\MI76_ScopeGuard.h">
      <Filter>Header Files</Filter>
    </ClInclude>
    <ClInclude Include="samples\MI85_TemporaryProxy.h">
      <Filter>Header Files</Filter>
    </ClInclude>
    <ClInclude Include="samples\MI87_ThinTemplate.h">
      <Filter>Header Files</Filter>
    </ClInclude>
    <ClInclude Include="samples\MI90_TypeGenerator.h">
      <Filter>Header Files</Filter>
    </ClInclude>
    <ClInclude Include="samples\MI93_VirtualConstructor.h">
      <Filter>Header Files</Filter>
    </ClInclude>
    <ClInclude Include="samples\MI94_VirtualFriendFunction.h">
      <Filter>Header Files</Filter>
    </ClInclude>
    <ClInclude Include="samples\MI34_FinalClass_Deprecated_C++11.h">
      <Filter>Header Files</Filter>
    </ClInclude>
    <ClInclude Include="samples\MI79_ShrinkToFit_Deprecated_C++11.h">
      <Filter>Header Files</Filter>
    </ClInclude>
    <ClInclude Include="samples\MI91_TypeSafeEnum_Deprecated_C++11.h">
      <Filter>Header Files</Filter>
    </ClInclude>
    <ClInclude Include="samples\HiddenImplementation.h">
      <Filter>Header Files</Filter>
    </ClInclude>
    <ClInclude Include="ITest.h">
      <Filter>Header Files</Filter>
    </ClInclude>
  </ItemGroup>
  <ItemGroup>
    <ClCompile Include="stdafx.cpp">
      <Filter>Source Files</Filter>
    </ClCompile>
    <ClCompile Include="main.cpp">
      <Filter>Source Files</Filter>
    </ClCompile>
    <ClCompile Include="samples\MI40_InlineGuardMacro.cpp">
      <Filter>Source Files</Filter>
    </ClCompile>
  </ItemGroup>
</Project>