<?xml version="1.0" encoding="utf-8"?>
<Project ToolsVersion="4.0" xmlns="http://schemas.microsoft.com/developer/msbuild/2003">
  <ItemGroup>
    <Filter Include="Source Files">
      <UniqueIdentifier>{4FC737F1-C7A5-4376-A066-2A32D752A2FF}</UniqueIdentifier>
      <Extensions>cpp;c;cc;cxx;def;odl;idl;hpj;bat;asm;asmx</Extensions>
    </Filter>
    <Filter Include="Header Files">
      <UniqueIdentifier>{93995380-89BD-4b04-88EB-625FBE52EBFB}</UniqueIdentifier>
      <Extensions>h;hh;hpp;hxx;hm;inl;inc;xsd</Extensions>
    </Filter>
    <Filter Include="Resource Files">
      <UniqueIdentifier>{67DA6AB6-F800-4c08-8B7A-83BB121AAD01}</UniqueIdentifier>
      <Extensions>rc;ico;cur;bmp;dlg;rc2;rct;bin;rgs;gif;jpg;jpeg;jpe;resx;tiff;tif;png;wav;mfcribbon-ms</Extensions>
    </Filter>
  </ItemGroup>
  <ItemGroup>
    <Text Include="ReadMe.txt" />
  </ItemGroup>
  <ItemGroup>
    <ClInclude Include="stdafx.h">
      <Filter>Header Files</Filter>
    </ClInclude>
    <ClInclude Include="targetver.h">
      <Filter>Header Files</Filter>
    </ClInclude>
    <ClInclude Include="ITest.h">
      <Filter>Header Files</Filter>
    </ClInclude>
    <ClInclude Include="samples\creational\AbstractFactory.h">
      <Filter>Header Files</Filter>
    </ClInclude>
    <ClInclude Include="samples\creational\Builder.h">
      <Filter>Header Files</Filter>
    </ClInclude>
    <ClInclude Include="samples\creational\Prototype.h">
      <Filter>Header Files</Filter>
    </ClInclude>
    <ClInclude Include="samples\creational\Singleton.h">
      <Filter>Header Files</Filter>
    </ClInclude>
    <ClInclude Include="samples\creational\FactoryMethod.h">
      <Filter>Header Files</Filter>
    </ClInclude>
    <ClInclude Include="samples\creational\RAII.h">
      <Filter>Header Files</Filter>
    </ClInclude>
    <ClInclude Include="samples\creational\LazyInitization.h">
      <Filter>Header Files</Filter>
    </ClInclude>
    <ClInclude Include="samples\creational\Multiton.h">
      <Filter>Header Files</Filter>
    </ClInclude>
    <ClInclude Include="samples\creational\Pool.h">
      <Filter>Header Files</Filter>
    </ClInclude>
    <ClInclude Include="samples\structural\Adapter.h">
      <Filter>Header Files</Filter>
    </ClInclude>
    <ClInclude Include="samples\structural\Bridge.h">
      <Filter>Header Files</Filter>
    </ClInclude>
    <ClInclude Include="samples\structural\Composite.h">
      <Filter>Header Files</Filter>
    </ClInclude>
    <ClInclude Include="samples\structural\Decorator.h">
      <Filter>Header Files</Filter>
    </ClInclude>
    <ClInclude Include="samples\structural\Facade.h">
      <Filter>Header Files</Filter>
    </ClInclude>
    <ClInclude Include="samples\structural\FlyWeight.h">
      <Filter>Header Files</Filter>
    </ClInclude>
    <ClInclude Include="samples\structural\Proxy.h">
      <Filter>Header Files</Filter>
    </ClInclude>
    <ClInclude Include="samples\structural\PrivateImplementation.h">
      <Filter>Header Files</Filter>
    </ClInclude>
    <ClInclude Include="samples\structural\RecursiveTemplate.h">
      <Filter>Header Files</Filter>
    </ClInclude>
    <ClInclude Include="samples\structural\Twin.h">
      <Filter>Header Files</Filter>
    </ClInclude>
    <ClInclude Include="samples\structural\MarkerInterfacePolicies.h">
      <Filter>Header Files</Filter>
    </ClInclude>
    <ClInclude Include="samples\behavioral\ChainOfResponsibility.h">
      <Filter>Header Files</Filter>
    </ClInclude>
    <ClInclude Include="samples\behavioral\Command.h">
      <Filter>Header Files</Filter>
    </ClInclude>
    <ClInclude Include="samples\behavioral\Iterator.h">
      <Filter>Header Files</Filter>
    </ClInclude>
    <ClInclude Include="samples\behavioral\Mediator.h">
      <Filter>Header Files</Filter>
    </ClInclude>
    <ClInclude Include="samples\behavioral\Memento.h">
      <Filter>Header Files</Filter>
    </ClInclude>
    <ClInclude Include="samples\behavioral\Observer.h">
      <Filter>Header Files</Filter>
    </ClInclude>
    <ClInclude Include="samples\behavioral\State.h">
      <Filter>Header Files</Filter>
    </ClInclude>
    <ClInclude Include="samples\behavioral\TemplateMethod.h">
      <Filter>Header Files</Filter>
    </ClInclude>
    <ClInclude Include="samples\behavioral\NullObject.h">
      <Filter>Header Files</Filter>
    </ClInclude>
    <ClInclude Include="samples\behavioral\Visitor.h">
      <Filter>Header Files</Filter>
    </ClInclude>
    <ClInclude Include="samples\structural\Tuples.h">
      <Filter>Header Files</Filter>
    </ClInclude>
  </ItemGroup>
  <ItemGroup>
    <ClCompile Include="stdafx.cpp">
      <Filter>Source Files</Filter>
    </ClCompile>
    <ClCompile Include="samples\structural\PrivateImplementation.cpp">
      <Filter>Source Files</Filter>
    </ClCompile>
    <ClCompile Include="main.cpp">
      <Filter>Source Files</Filter>
    </ClCompile>
  </ItemGroup>
</Project>